// !$*UTF8*$!
{
	archiveVersion = 1;
	classes = {
	};
	objectVersion = 51;
	objects = {

/* Begin PBXBuildFile section */
		1512FD6826E608E900FF4E75 /* AppDelegate.swift in Sources */ = {isa = PBXBuildFile; fileRef = 1512FD6726E608E900FF4E75 /* AppDelegate.swift */; };
		1512FD6A26E608E900FF4E75 /* SceneDelegate.swift in Sources */ = {isa = PBXBuildFile; fileRef = 1512FD6926E608E900FF4E75 /* SceneDelegate.swift */; };
		1512FD7126E608EC00FF4E75 /* Assets.xcassets in Resources */ = {isa = PBXBuildFile; fileRef = 1512FD7026E608EC00FF4E75 /* Assets.xcassets */; };
		1512FD7426E608EC00FF4E75 /* LaunchScreen.storyboard in Resources */ = {isa = PBXBuildFile; fileRef = 1512FD7226E608EC00FF4E75 /* LaunchScreen.storyboard */; };
		1512FD7F26E608ED00FF4E75 /* PourPourTests.swift in Sources */ = {isa = PBXBuildFile; fileRef = 1512FD7E26E608ED00FF4E75 /* PourPourTests.swift */; };
		1512FD8A26E608ED00FF4E75 /* PourPourUITests.swift in Sources */ = {isa = PBXBuildFile; fileRef = 1512FD8926E608ED00FF4E75 /* PourPourUITests.swift */; };
		1512FD9A26E6177A00FF4E75 /* Podfile in Resources */ = {isa = PBXBuildFile; fileRef = 1512FD9926E6177A00FF4E75 /* Podfile */; };
		1512FD9D26E6197800FF4E75 /* R.generated.swift in Sources */ = {isa = PBXBuildFile; fileRef = 1512FD9C26E6197800FF4E75 /* R.generated.swift */; };
		1524E37F271F16F300B14AD7 /* RunningRecipeScene.swift in Sources */ = {isa = PBXBuildFile; fileRef = 1524E37E271F16F300B14AD7 /* RunningRecipeScene.swift */; };
		1524E381271F192A00B14AD7 /* PoureButtonStyle.swift in Sources */ = {isa = PBXBuildFile; fileRef = 1524E380271F192A00B14AD7 /* PoureButtonStyle.swift */; };
		1524E386272015FB00B14AD7 /* StepRow.swift in Sources */ = {isa = PBXBuildFile; fileRef = 1524E385272015FB00B14AD7 /* StepRow.swift */; };
		1524E38827202ABD00B14AD7 /* RunningRecipeController.swift in Sources */ = {isa = PBXBuildFile; fileRef = 1524E38727202ABD00B14AD7 /* RunningRecipeController.swift */; };
		1524E38B2720568000B14AD7 /* ProgressTimerView.swift in Sources */ = {isa = PBXBuildFile; fileRef = 1524E38A2720568000B14AD7 /* ProgressTimerView.swift */; };
		1524E3902721A59800B14AD7 /* StepList.swift in Sources */ = {isa = PBXBuildFile; fileRef = 1524E38F2721A59800B14AD7 /* StepList.swift */; };
		154AFE2A26E770EF006705FD /* Info.storyboard in Resources */ = {isa = PBXBuildFile; fileRef = 154AFE2926E770EF006705FD /* Info.storyboard */; };
		154AFE2C26E77106006705FD /* InfoViewController.swift in Sources */ = {isa = PBXBuildFile; fileRef = 154AFE2B26E77106006705FD /* InfoViewController.swift */; };
		1555C51C270F389300D4F91A /* RecipeStepCell.swift in Sources */ = {isa = PBXBuildFile; fileRef = 1555C51B270F389300D4F91A /* RecipeStepCell.swift */; };
		1555C51F270F3E8200D4F91A /* TimeFormater.swift in Sources */ = {isa = PBXBuildFile; fileRef = 1555C51E270F3E8200D4F91A /* TimeFormater.swift */; };
		15925A98270DB91000864154 /* RecipePropertyView.swift in Sources */ = {isa = PBXBuildFile; fileRef = 15925A97270DB91000864154 /* RecipePropertyView.swift */; };
		15D02814270C4BE900EC1F06 /* PourButton.swift in Sources */ = {isa = PBXBuildFile; fileRef = 15D02813270C4BE900EC1F06 /* PourButton.swift */; };
		15DAC62126E637E3003C88E2 /* RecipeList.storyboard in Resources */ = {isa = PBXBuildFile; fileRef = 15DAC62026E637E3003C88E2 /* RecipeList.storyboard */; };
		15DAC62326E63A92003C88E2 /* RecipeListPresenter.swift in Sources */ = {isa = PBXBuildFile; fileRef = 15DAC62226E63A92003C88E2 /* RecipeListPresenter.swift */; };
		15DAC62526E63C6B003C88E2 /* RecipeListConfigurator.swift in Sources */ = {isa = PBXBuildFile; fileRef = 15DAC62426E63C6B003C88E2 /* RecipeListConfigurator.swift */; };
		15DAC62726E63C76003C88E2 /* RecipeListRouter.swift in Sources */ = {isa = PBXBuildFile; fileRef = 15DAC62626E63C76003C88E2 /* RecipeListRouter.swift */; };
		15DAC62926E63D41003C88E2 /* RecipeListController.swift in Sources */ = {isa = PBXBuildFile; fileRef = 15DAC62826E63D41003C88E2 /* RecipeListController.swift */; };
		15DAC62D26E63ED2003C88E2 /* RecipeEntity.swift in Sources */ = {isa = PBXBuildFile; fileRef = 15DAC62C26E63ED2003C88E2 /* RecipeEntity.swift */; };
		15E3D84B2715721F00ADFAD9 /* RecipeGateway.swift in Sources */ = {isa = PBXBuildFile; fileRef = 15E3D84A2715721F00ADFAD9 /* RecipeGateway.swift */; };
		15E3D84E2715733900ADFAD9 /* ApiRecipeGateway.swift in Sources */ = {isa = PBXBuildFile; fileRef = 15E3D84D2715733900ADFAD9 /* ApiRecipeGateway.swift */; };
		15E3D85327157F0A00ADFAD9 /* RunningRecipePresenter.swift in Sources */ = {isa = PBXBuildFile; fileRef = 15E3D85227157F0A00ADFAD9 /* RunningRecipePresenter.swift */; };
		15E3D85727157F2C00ADFAD9 /* RunningRecipeConfigurator.swift in Sources */ = {isa = PBXBuildFile; fileRef = 15E3D85627157F2C00ADFAD9 /* RunningRecipeConfigurator.swift */; };
		15E3D85927157F3B00ADFAD9 /* RunningRecipe.storyboard in Resources */ = {isa = PBXBuildFile; fileRef = 15E3D85827157F3B00ADFAD9 /* RunningRecipe.storyboard */; };
		15E3D85C2715957C00ADFAD9 /* RecipeStep.xib in Resources */ = {isa = PBXBuildFile; fileRef = 15E3D85B2715957C00ADFAD9 /* RecipeStep.xib */; };
		15E3D85E27159F3000ADFAD9 /* TimerView.swift in Sources */ = {isa = PBXBuildFile; fileRef = 15E3D85D27159F3000ADFAD9 /* TimerView.swift */; };
		15F85F52272FF3720083042E /* ConditionalModifierSwiftUI.swift in Sources */ = {isa = PBXBuildFile; fileRef = 15F85F51272FF3720083042E /* ConditionalModifierSwiftUI.swift */; };
		15F85F54272FFE170083042E /* CommonTime.swift in Sources */ = {isa = PBXBuildFile; fileRef = 15F85F53272FFE170083042E /* CommonTime.swift */; };
		15F85F56272FFEAD0083042E /* RunningRecipeSubhead.swift in Sources */ = {isa = PBXBuildFile; fileRef = 15F85F55272FFEAD0083042E /* RunningRecipeSubhead.swift */; };
		15F85F58273016870083042E /* ComplitedStepRow.swift in Sources */ = {isa = PBXBuildFile; fileRef = 15F85F57273016870083042E /* ComplitedStepRow.swift */; };
		15F85F5A2731370F0083042E /* RunningRecipeTests.swift in Sources */ = {isa = PBXBuildFile; fileRef = 15F85F592731370F0083042E /* RunningRecipeTests.swift */; };
		15F85F5E273157980083042E /* RecipeFullEntityTests.swift in Sources */ = {isa = PBXBuildFile; fileRef = 15F85F5D273157980083042E /* RecipeFullEntityTests.swift */; };
		15FD0EF4270B46800059F4F2 /* RecipeController.swift in Sources */ = {isa = PBXBuildFile; fileRef = 15FD0EF3270B46800059F4F2 /* RecipeController.swift */; };
		15FD0EF6270B46D80059F4F2 /* RecipePresenter.swift in Sources */ = {isa = PBXBuildFile; fileRef = 15FD0EF5270B46D80059F4F2 /* RecipePresenter.swift */; };
		15FD0EF8270B46E70059F4F2 /* RecipeRouter.swift in Sources */ = {isa = PBXBuildFile; fileRef = 15FD0EF7270B46E70059F4F2 /* RecipeRouter.swift */; };
		15FD0EFA270B46FC0059F4F2 /* RecipeConfigurator.swift in Sources */ = {isa = PBXBuildFile; fileRef = 15FD0EF9270B46FC0059F4F2 /* RecipeConfigurator.swift */; };
		15FD0EFC270B47170059F4F2 /* Recipe.storyboard in Resources */ = {isa = PBXBuildFile; fileRef = 15FD0EFB270B47170059F4F2 /* Recipe.storyboard */; };
		340BAA46DAF931CF6D2C03FE /* Pods_PourPour.framework in Frameworks */ = {isa = PBXBuildFile; fileRef = 1EAEB2E860F5013EA6E61C6F /* Pods_PourPour.framework */; };
		562C09DD45FBB29D600825D2 /* Pods_PourPourTests.framework in Frameworks */ = {isa = PBXBuildFile; fileRef = A01A8491BA35EA1966381F67 /* Pods_PourPourTests.framework */; };
		A14486D61F38BE81DA696D89 /* Pods_PourPourUITests.framework in Frameworks */ = {isa = PBXBuildFile; fileRef = 4DB310F7ADA5E48A813B7E08 /* Pods_PourPourUITests.framework */; };
/* End PBXBuildFile section */

/* Begin PBXContainerItemProxy section */
		1512FD7B26E608ED00FF4E75 /* PBXContainerItemProxy */ = {
			isa = PBXContainerItemProxy;
			containerPortal = 1512FD5C26E608E900FF4E75 /* Project object */;
			proxyType = 1;
			remoteGlobalIDString = 1512FD6326E608E900FF4E75;
			remoteInfo = PourPour;
		};
		1512FD8626E608ED00FF4E75 /* PBXContainerItemProxy */ = {
			isa = PBXContainerItemProxy;
			containerPortal = 1512FD5C26E608E900FF4E75 /* Project object */;
			proxyType = 1;
			remoteGlobalIDString = 1512FD6326E608E900FF4E75;
			remoteInfo = PourPour;
		};
/* End PBXContainerItemProxy section */

/* Begin PBXFileReference section */
		1512FD6426E608E900FF4E75 /* PourPour.app */ = {isa = PBXFileReference; explicitFileType = wrapper.application; includeInIndex = 0; path = PourPour.app; sourceTree = BUILT_PRODUCTS_DIR; };
		1512FD6726E608E900FF4E75 /* AppDelegate.swift */ = {isa = PBXFileReference; lastKnownFileType = sourcecode.swift; path = AppDelegate.swift; sourceTree = "<group>"; };
		1512FD6926E608E900FF4E75 /* SceneDelegate.swift */ = {isa = PBXFileReference; lastKnownFileType = sourcecode.swift; path = SceneDelegate.swift; sourceTree = "<group>"; };
		1512FD7026E608EC00FF4E75 /* Assets.xcassets */ = {isa = PBXFileReference; lastKnownFileType = folder.assetcatalog; path = Assets.xcassets; sourceTree = "<group>"; };
		1512FD7326E608EC00FF4E75 /* Base */ = {isa = PBXFileReference; lastKnownFileType = file.storyboard; name = Base; path = Base.lproj/LaunchScreen.storyboard; sourceTree = "<group>"; };
		1512FD7526E608EC00FF4E75 /* Info.plist */ = {isa = PBXFileReference; lastKnownFileType = text.plist.xml; path = Info.plist; sourceTree = "<group>"; };
		1512FD7A26E608ED00FF4E75 /* PourPourTests.xctest */ = {isa = PBXFileReference; explicitFileType = wrapper.cfbundle; includeInIndex = 0; path = PourPourTests.xctest; sourceTree = BUILT_PRODUCTS_DIR; };
		1512FD7E26E608ED00FF4E75 /* PourPourTests.swift */ = {isa = PBXFileReference; lastKnownFileType = sourcecode.swift; path = PourPourTests.swift; sourceTree = "<group>"; };
		1512FD8026E608ED00FF4E75 /* Info.plist */ = {isa = PBXFileReference; lastKnownFileType = text.plist.xml; path = Info.plist; sourceTree = "<group>"; };
		1512FD8526E608ED00FF4E75 /* PourPourUITests.xctest */ = {isa = PBXFileReference; explicitFileType = wrapper.cfbundle; includeInIndex = 0; path = PourPourUITests.xctest; sourceTree = BUILT_PRODUCTS_DIR; };
		1512FD8926E608ED00FF4E75 /* PourPourUITests.swift */ = {isa = PBXFileReference; lastKnownFileType = sourcecode.swift; path = PourPourUITests.swift; sourceTree = "<group>"; };
		1512FD8B26E608ED00FF4E75 /* Info.plist */ = {isa = PBXFileReference; lastKnownFileType = text.plist.xml; path = Info.plist; sourceTree = "<group>"; };
		1512FD9926E6177A00FF4E75 /* Podfile */ = {isa = PBXFileReference; lastKnownFileType = text; path = Podfile; sourceTree = "<group>"; xcLanguageSpecificationIdentifier = xcode.lang.ruby; };
		1512FD9C26E6197800FF4E75 /* R.generated.swift */ = {isa = PBXFileReference; fileEncoding = 4; lastKnownFileType = sourcecode.swift; path = R.generated.swift; sourceTree = SOURCE_ROOT; };
		1524E37E271F16F300B14AD7 /* RunningRecipeScene.swift */ = {isa = PBXFileReference; lastKnownFileType = sourcecode.swift; path = RunningRecipeScene.swift; sourceTree = "<group>"; tabWidth = 4; usesTabs = 0; };
		1524E380271F192A00B14AD7 /* PoureButtonStyle.swift */ = {isa = PBXFileReference; fileEncoding = 4; lastKnownFileType = sourcecode.swift; path = PoureButtonStyle.swift; sourceTree = "<group>"; };
		1524E385272015FB00B14AD7 /* StepRow.swift */ = {isa = PBXFileReference; lastKnownFileType = sourcecode.swift; path = StepRow.swift; sourceTree = "<group>"; };
		1524E38727202ABD00B14AD7 /* RunningRecipeController.swift */ = {isa = PBXFileReference; lastKnownFileType = sourcecode.swift; path = RunningRecipeController.swift; sourceTree = "<group>"; };
		1524E38A2720568000B14AD7 /* ProgressTimerView.swift */ = {isa = PBXFileReference; lastKnownFileType = sourcecode.swift; path = ProgressTimerView.swift; sourceTree = "<group>"; };
		1524E38F2721A59800B14AD7 /* StepList.swift */ = {isa = PBXFileReference; lastKnownFileType = sourcecode.swift; path = StepList.swift; sourceTree = "<group>"; };
		154AFE2926E770EF006705FD /* Info.storyboard */ = {isa = PBXFileReference; lastKnownFileType = file.storyboard; path = Info.storyboard; sourceTree = "<group>"; };
		154AFE2B26E77106006705FD /* InfoViewController.swift */ = {isa = PBXFileReference; lastKnownFileType = sourcecode.swift; path = InfoViewController.swift; sourceTree = "<group>"; };
		1555C51B270F389300D4F91A /* RecipeStepCell.swift */ = {isa = PBXFileReference; lastKnownFileType = sourcecode.swift; path = RecipeStepCell.swift; sourceTree = "<group>"; };
		1555C51E270F3E8200D4F91A /* TimeFormater.swift */ = {isa = PBXFileReference; lastKnownFileType = sourcecode.swift; path = TimeFormater.swift; sourceTree = "<group>"; };
		15925A97270DB91000864154 /* RecipePropertyView.swift */ = {isa = PBXFileReference; lastKnownFileType = sourcecode.swift; path = RecipePropertyView.swift; sourceTree = "<group>"; };
		15D02813270C4BE900EC1F06 /* PourButton.swift */ = {isa = PBXFileReference; lastKnownFileType = sourcecode.swift; path = PourButton.swift; sourceTree = "<group>"; };
		15DAC62026E637E3003C88E2 /* RecipeList.storyboard */ = {isa = PBXFileReference; lastKnownFileType = file.storyboard; path = RecipeList.storyboard; sourceTree = "<group>"; };
		15DAC62226E63A92003C88E2 /* RecipeListPresenter.swift */ = {isa = PBXFileReference; lastKnownFileType = sourcecode.swift; path = RecipeListPresenter.swift; sourceTree = "<group>"; };
		15DAC62426E63C6B003C88E2 /* RecipeListConfigurator.swift */ = {isa = PBXFileReference; lastKnownFileType = sourcecode.swift; path = RecipeListConfigurator.swift; sourceTree = "<group>"; };
		15DAC62626E63C76003C88E2 /* RecipeListRouter.swift */ = {isa = PBXFileReference; lastKnownFileType = sourcecode.swift; path = RecipeListRouter.swift; sourceTree = "<group>"; };
		15DAC62826E63D41003C88E2 /* RecipeListController.swift */ = {isa = PBXFileReference; lastKnownFileType = sourcecode.swift; path = RecipeListController.swift; sourceTree = "<group>"; };
		15DAC62C26E63ED2003C88E2 /* RecipeEntity.swift */ = {isa = PBXFileReference; lastKnownFileType = sourcecode.swift; path = RecipeEntity.swift; sourceTree = "<group>"; };
		15E3D84A2715721F00ADFAD9 /* RecipeGateway.swift */ = {isa = PBXFileReference; lastKnownFileType = sourcecode.swift; path = RecipeGateway.swift; sourceTree = "<group>"; };
		15E3D84D2715733900ADFAD9 /* ApiRecipeGateway.swift */ = {isa = PBXFileReference; lastKnownFileType = sourcecode.swift; path = ApiRecipeGateway.swift; sourceTree = "<group>"; };
		15E3D85227157F0A00ADFAD9 /* RunningRecipePresenter.swift */ = {isa = PBXFileReference; lastKnownFileType = sourcecode.swift; path = RunningRecipePresenter.swift; sourceTree = "<group>"; };
		15E3D85627157F2C00ADFAD9 /* RunningRecipeConfigurator.swift */ = {isa = PBXFileReference; lastKnownFileType = sourcecode.swift; path = RunningRecipeConfigurator.swift; sourceTree = "<group>"; };
		15E3D85827157F3B00ADFAD9 /* RunningRecipe.storyboard */ = {isa = PBXFileReference; lastKnownFileType = file.storyboard; path = RunningRecipe.storyboard; sourceTree = "<group>"; };
		15E3D85B2715957C00ADFAD9 /* RecipeStep.xib */ = {isa = PBXFileReference; lastKnownFileType = file.xib; path = RecipeStep.xib; sourceTree = "<group>"; };
		15E3D85D27159F3000ADFAD9 /* TimerView.swift */ = {isa = PBXFileReference; lastKnownFileType = sourcecode.swift; path = TimerView.swift; sourceTree = "<group>"; };
		15F85F51272FF3720083042E /* ConditionalModifierSwiftUI.swift */ = {isa = PBXFileReference; lastKnownFileType = sourcecode.swift; path = ConditionalModifierSwiftUI.swift; sourceTree = "<group>"; };
		15F85F53272FFE170083042E /* CommonTime.swift */ = {isa = PBXFileReference; lastKnownFileType = sourcecode.swift; path = CommonTime.swift; sourceTree = "<group>"; };
		15F85F55272FFEAD0083042E /* RunningRecipeSubhead.swift */ = {isa = PBXFileReference; lastKnownFileType = sourcecode.swift; path = RunningRecipeSubhead.swift; sourceTree = "<group>"; };
		15F85F57273016870083042E /* ComplitedStepRow.swift */ = {isa = PBXFileReference; lastKnownFileType = sourcecode.swift; path = ComplitedStepRow.swift; sourceTree = "<group>"; };
		15F85F592731370F0083042E /* RunningRecipeTests.swift */ = {isa = PBXFileReference; lastKnownFileType = sourcecode.swift; path = RunningRecipeTests.swift; sourceTree = "<group>"; };
		15F85F5D273157980083042E /* RecipeFullEntityTests.swift */ = {isa = PBXFileReference; lastKnownFileType = sourcecode.swift; path = RecipeFullEntityTests.swift; sourceTree = "<group>"; };
		15FD0EF3270B46800059F4F2 /* RecipeController.swift */ = {isa = PBXFileReference; lastKnownFileType = sourcecode.swift; path = RecipeController.swift; sourceTree = "<group>"; };
		15FD0EF5270B46D80059F4F2 /* RecipePresenter.swift */ = {isa = PBXFileReference; lastKnownFileType = sourcecode.swift; path = RecipePresenter.swift; sourceTree = "<group>"; };
		15FD0EF7270B46E70059F4F2 /* RecipeRouter.swift */ = {isa = PBXFileReference; lastKnownFileType = sourcecode.swift; path = RecipeRouter.swift; sourceTree = "<group>"; };
		15FD0EF9270B46FC0059F4F2 /* RecipeConfigurator.swift */ = {isa = PBXFileReference; lastKnownFileType = sourcecode.swift; path = RecipeConfigurator.swift; sourceTree = "<group>"; };
		15FD0EFB270B47170059F4F2 /* Recipe.storyboard */ = {isa = PBXFileReference; lastKnownFileType = file.storyboard; path = Recipe.storyboard; sourceTree = "<group>"; };
		1EAEB2E860F5013EA6E61C6F /* Pods_PourPour.framework */ = {isa = PBXFileReference; explicitFileType = wrapper.framework; includeInIndex = 0; path = Pods_PourPour.framework; sourceTree = BUILT_PRODUCTS_DIR; };
		49D401B9352C8339400E9441 /* Pods-PourPourTests.release.xcconfig */ = {isa = PBXFileReference; includeInIndex = 1; lastKnownFileType = text.xcconfig; name = "Pods-PourPourTests.release.xcconfig"; path = "Target Support Files/Pods-PourPourTests/Pods-PourPourTests.release.xcconfig"; sourceTree = "<group>"; };
		4DB310F7ADA5E48A813B7E08 /* Pods_PourPourUITests.framework */ = {isa = PBXFileReference; explicitFileType = wrapper.framework; includeInIndex = 0; path = Pods_PourPourUITests.framework; sourceTree = BUILT_PRODUCTS_DIR; };
		7404ED210E8D7DC4741F1D48 /* Pods-PourPourUITests.release.xcconfig */ = {isa = PBXFileReference; includeInIndex = 1; lastKnownFileType = text.xcconfig; name = "Pods-PourPourUITests.release.xcconfig"; path = "Target Support Files/Pods-PourPourUITests/Pods-PourPourUITests.release.xcconfig"; sourceTree = "<group>"; };
		A01A8491BA35EA1966381F67 /* Pods_PourPourTests.framework */ = {isa = PBXFileReference; explicitFileType = wrapper.framework; includeInIndex = 0; path = Pods_PourPourTests.framework; sourceTree = BUILT_PRODUCTS_DIR; };
		D932CADF82D328C3A10C3A66 /* Pods-PourPour.debug.xcconfig */ = {isa = PBXFileReference; includeInIndex = 1; lastKnownFileType = text.xcconfig; name = "Pods-PourPour.debug.xcconfig"; path = "Target Support Files/Pods-PourPour/Pods-PourPour.debug.xcconfig"; sourceTree = "<group>"; };
		EDDFE5169A5CBFAFE49BE184 /* Pods-PourPour.release.xcconfig */ = {isa = PBXFileReference; includeInIndex = 1; lastKnownFileType = text.xcconfig; name = "Pods-PourPour.release.xcconfig"; path = "Target Support Files/Pods-PourPour/Pods-PourPour.release.xcconfig"; sourceTree = "<group>"; };
		EFDE7E5BB0795B496DD8FE67 /* Pods-PourPourUITests.debug.xcconfig */ = {isa = PBXFileReference; includeInIndex = 1; lastKnownFileType = text.xcconfig; name = "Pods-PourPourUITests.debug.xcconfig"; path = "Target Support Files/Pods-PourPourUITests/Pods-PourPourUITests.debug.xcconfig"; sourceTree = "<group>"; };
		FABE39D5C097D6C51FEA5FB0 /* Pods-PourPourTests.debug.xcconfig */ = {isa = PBXFileReference; includeInIndex = 1; lastKnownFileType = text.xcconfig; name = "Pods-PourPourTests.debug.xcconfig"; path = "Target Support Files/Pods-PourPourTests/Pods-PourPourTests.debug.xcconfig"; sourceTree = "<group>"; };
/* End PBXFileReference section */

/* Begin PBXFrameworksBuildPhase section */
		1512FD6126E608E900FF4E75 /* Frameworks */ = {
			isa = PBXFrameworksBuildPhase;
			buildActionMask = 2147483647;
			files = (
				340BAA46DAF931CF6D2C03FE /* Pods_PourPour.framework in Frameworks */,
			);
			runOnlyForDeploymentPostprocessing = 0;
		};
		1512FD7726E608ED00FF4E75 /* Frameworks */ = {
			isa = PBXFrameworksBuildPhase;
			buildActionMask = 2147483647;
			files = (
				562C09DD45FBB29D600825D2 /* Pods_PourPourTests.framework in Frameworks */,
			);
			runOnlyForDeploymentPostprocessing = 0;
		};
		1512FD8226E608ED00FF4E75 /* Frameworks */ = {
			isa = PBXFrameworksBuildPhase;
			buildActionMask = 2147483647;
			files = (
				A14486D61F38BE81DA696D89 /* Pods_PourPourUITests.framework in Frameworks */,
			);
			runOnlyForDeploymentPostprocessing = 0;
		};
/* End PBXFrameworksBuildPhase section */

/* Begin PBXGroup section */
		1512FD5B26E608E900FF4E75 = {
			isa = PBXGroup;
			children = (
				1512FD9926E6177A00FF4E75 /* Podfile */,
				1512FD6626E608E900FF4E75 /* PourPour */,
				1512FD7D26E608ED00FF4E75 /* PourPourTests */,
				1512FD8826E608ED00FF4E75 /* PourPourUITests */,
				1512FD6526E608E900FF4E75 /* Products */,
				9E0DF1CCA0A8FCA54A63D919 /* Pods */,
				F48AE1878C0BC59EA8625072 /* Frameworks */,
			);
			sourceTree = "<group>";
		};
		1512FD6526E608E900FF4E75 /* Products */ = {
			isa = PBXGroup;
			children = (
				1512FD6426E608E900FF4E75 /* PourPour.app */,
				1512FD7A26E608ED00FF4E75 /* PourPourTests.xctest */,
				1512FD8526E608ED00FF4E75 /* PourPourUITests.xctest */,
			);
			name = Products;
			sourceTree = "<group>";
		};
		1512FD6626E608E900FF4E75 /* PourPour */ = {
			isa = PBXGroup;
			children = (
				1512FD9E26E61B1600FF4E75 /* Src */,
				1512FD9F26E61B2A00FF4E75 /* SupportingFiles */,
				1512FD9C26E6197800FF4E75 /* R.generated.swift */,
			);
			path = PourPour;
			sourceTree = "<group>";
		};
		1512FD7D26E608ED00FF4E75 /* PourPourTests */ = {
			isa = PBXGroup;
			children = (
				15F85F5C273157470083042E /* Entities */,
				15F85F5B273157390083042E /* RunningRecipe */,
				1512FD7E26E608ED00FF4E75 /* PourPourTests.swift */,
				1512FD8026E608ED00FF4E75 /* Info.plist */,
			);
			path = PourPourTests;
			sourceTree = "<group>";
		};
		1512FD8826E608ED00FF4E75 /* PourPourUITests */ = {
			isa = PBXGroup;
			children = (
				1512FD8926E608ED00FF4E75 /* PourPourUITests.swift */,
				1512FD8B26E608ED00FF4E75 /* Info.plist */,
			);
			path = PourPourUITests;
			sourceTree = "<group>";
		};
		1512FD9E26E61B1600FF4E75 /* Src */ = {
			isa = PBXGroup;
			children = (
				15E3D84C2715730F00ADFAD9 /* EntityGateway */,
				15DAC62A26E63EBA003C88E2 /* Core */,
				1512FDA126E61BB900FF4E75 /* View UIKit */,
				1512FDA026E61BA000FF4E75 /* Scene */,
			);
			path = Src;
			sourceTree = "<group>";
		};
		1512FD9F26E61B2A00FF4E75 /* SupportingFiles */ = {
			isa = PBXGroup;
			children = (
				1512FD7526E608EC00FF4E75 /* Info.plist */,
				1512FD7026E608EC00FF4E75 /* Assets.xcassets */,
			);
			path = SupportingFiles;
			sourceTree = "<group>";
		};
		1512FDA026E61BA000FF4E75 /* Scene */ = {
			isa = PBXGroup;
			children = (
				15DAC62E26E64865003C88E2 /* RecipeList */,
				15FD0EF2270B463E0059F4F2 /* Recipe */,
				15E3D84F2715795F00ADFAD9 /* RunningRecipe */,
				154AFE2626E76EEB006705FD /* Info */,
				1512FD6726E608E900FF4E75 /* AppDelegate.swift */,
				1512FD7226E608EC00FF4E75 /* LaunchScreen.storyboard */,
				1512FD6926E608E900FF4E75 /* SceneDelegate.swift */,
			);
			path = Scene;
			sourceTree = "<group>";
		};
		1512FDA126E61BB900FF4E75 /* View UIKit */ = {
			isa = PBXGroup;
			children = (
				15E3D85A2715953400ADFAD9 /* RecipeStep */,
				15925A97270DB91000864154 /* RecipePropertyView.swift */,
				15D02813270C4BE900EC1F06 /* PourButton.swift */,
				15E3D85D27159F3000ADFAD9 /* TimerView.swift */,
			);
			path = "View UIKit";
			sourceTree = "<group>";
		};
		1524E382271F194200B14AD7 /* View SwiftUI */ = {
			isa = PBXGroup;
			children = (
				1524E380271F192A00B14AD7 /* PoureButtonStyle.swift */,
			);
			path = "View SwiftUI";
			sourceTree = "<group>";
		};
		1524E38927202F1B00B14AD7 /* Views */ = {
			isa = PBXGroup;
			children = (
				1524E385272015FB00B14AD7 /* StepRow.swift */,
				1524E38A2720568000B14AD7 /* ProgressTimerView.swift */,
				1524E38F2721A59800B14AD7 /* StepList.swift */,
				15F85F53272FFE170083042E /* CommonTime.swift */,
				15F85F55272FFEAD0083042E /* RunningRecipeSubhead.swift */,
				15F85F57273016870083042E /* ComplitedStepRow.swift */,
			);
			path = Views;
			sourceTree = "<group>";
		};
		1524E38E2721A53700B14AD7 /* Support */ = {
			isa = PBXGroup;
			children = (
				1524E38727202ABD00B14AD7 /* RunningRecipeController.swift */,
				15E3D85627157F2C00ADFAD9 /* RunningRecipeConfigurator.swift */,
				15E3D85827157F3B00ADFAD9 /* RunningRecipe.storyboard */,
			);
			path = Support;
			sourceTree = "<group>";
		};
		154AFE2626E76EEB006705FD /* Info */ = {
			isa = PBXGroup;
			children = (
				154AFE2926E770EF006705FD /* Info.storyboard */,
				154AFE2B26E77106006705FD /* InfoViewController.swift */,
			);
			path = Info;
			sourceTree = "<group>";
		};
		1555C51D270F3E5E00D4F91A /* Utils */ = {
			isa = PBXGroup;
			children = (
				1555C51E270F3E8200D4F91A /* TimeFormater.swift */,
				15F85F51272FF3720083042E /* ConditionalModifierSwiftUI.swift */,
			);
			path = Utils;
			sourceTree = "<group>";
		};
		15DAC62A26E63EBA003C88E2 /* Core */ = {
			isa = PBXGroup;
			children = (
				1524E382271F194200B14AD7 /* View SwiftUI */,
				15E3D849271571EB00ADFAD9 /* Gateway */,
				1555C51D270F3E5E00D4F91A /* Utils */,
				15DAC62B26E63EC2003C88E2 /* Entities */,
			);
			path = Core;
			sourceTree = "<group>";
		};
		15DAC62B26E63EC2003C88E2 /* Entities */ = {
			isa = PBXGroup;
			children = (
				15DAC62C26E63ED2003C88E2 /* RecipeEntity.swift */,
			);
			path = Entities;
			sourceTree = "<group>";
		};
		15DAC62E26E64865003C88E2 /* RecipeList */ = {
			isa = PBXGroup;
			children = (
				15DAC62026E637E3003C88E2 /* RecipeList.storyboard */,
				15DAC62826E63D41003C88E2 /* RecipeListController.swift */,
				15DAC62226E63A92003C88E2 /* RecipeListPresenter.swift */,
				15DAC62426E63C6B003C88E2 /* RecipeListConfigurator.swift */,
				15DAC62626E63C76003C88E2 /* RecipeListRouter.swift */,
			);
			path = RecipeList;
			sourceTree = "<group>";
		};
		15E3D849271571EB00ADFAD9 /* Gateway */ = {
			isa = PBXGroup;
			children = (
				15E3D84A2715721F00ADFAD9 /* RecipeGateway.swift */,
			);
			path = Gateway;
			sourceTree = "<group>";
		};
		15E3D84C2715730F00ADFAD9 /* EntityGateway */ = {
			isa = PBXGroup;
			children = (
				15E3D84D2715733900ADFAD9 /* ApiRecipeGateway.swift */,
			);
			path = EntityGateway;
			sourceTree = "<group>";
		};
		15E3D84F2715795F00ADFAD9 /* RunningRecipe */ = {
			isa = PBXGroup;
			children = (
				1524E38E2721A53700B14AD7 /* Support */,
				1524E38927202F1B00B14AD7 /* Views */,
				1524E37E271F16F300B14AD7 /* RunningRecipeScene.swift */,
				15E3D85227157F0A00ADFAD9 /* RunningRecipePresenter.swift */,
			);
			path = RunningRecipe;
			sourceTree = "<group>";
		};
		15E3D85A2715953400ADFAD9 /* RecipeStep */ = {
			isa = PBXGroup;
			children = (
				1555C51B270F389300D4F91A /* RecipeStepCell.swift */,
				15E3D85B2715957C00ADFAD9 /* RecipeStep.xib */,
			);
			path = RecipeStep;
			sourceTree = "<group>";
		};
		15F85F5B273157390083042E /* RunningRecipe */ = {
			isa = PBXGroup;
			children = (
				15F85F592731370F0083042E /* RunningRecipeTests.swift */,
			);
			path = RunningRecipe;
			sourceTree = "<group>";
		};
		15F85F5C273157470083042E /* Entities */ = {
			isa = PBXGroup;
			children = (
				15F85F5D273157980083042E /* RecipeFullEntityTests.swift */,
			);
			path = Entities;
			sourceTree = "<group>";
		};
		15FD0EF2270B463E0059F4F2 /* Recipe */ = {
			isa = PBXGroup;
			children = (
				15FD0EF3270B46800059F4F2 /* RecipeController.swift */,
				15FD0EF5270B46D80059F4F2 /* RecipePresenter.swift */,
				15FD0EF7270B46E70059F4F2 /* RecipeRouter.swift */,
				15FD0EF9270B46FC0059F4F2 /* RecipeConfigurator.swift */,
				15FD0EFB270B47170059F4F2 /* Recipe.storyboard */,
			);
			path = Recipe;
			sourceTree = "<group>";
		};
		9E0DF1CCA0A8FCA54A63D919 /* Pods */ = {
			isa = PBXGroup;
			children = (
				D932CADF82D328C3A10C3A66 /* Pods-PourPour.debug.xcconfig */,
				EDDFE5169A5CBFAFE49BE184 /* Pods-PourPour.release.xcconfig */,
				FABE39D5C097D6C51FEA5FB0 /* Pods-PourPourTests.debug.xcconfig */,
				49D401B9352C8339400E9441 /* Pods-PourPourTests.release.xcconfig */,
				EFDE7E5BB0795B496DD8FE67 /* Pods-PourPourUITests.debug.xcconfig */,
				7404ED210E8D7DC4741F1D48 /* Pods-PourPourUITests.release.xcconfig */,
			);
			path = Pods;
			sourceTree = "<group>";
		};
		F48AE1878C0BC59EA8625072 /* Frameworks */ = {
			isa = PBXGroup;
			children = (
				1EAEB2E860F5013EA6E61C6F /* Pods_PourPour.framework */,
				A01A8491BA35EA1966381F67 /* Pods_PourPourTests.framework */,
				4DB310F7ADA5E48A813B7E08 /* Pods_PourPourUITests.framework */,
			);
			name = Frameworks;
			sourceTree = "<group>";
		};
/* End PBXGroup section */

/* Begin PBXNativeTarget section */
		1512FD6326E608E900FF4E75 /* PourPour */ = {
			isa = PBXNativeTarget;
			buildConfigurationList = 1512FD8E26E608ED00FF4E75 /* Build configuration list for PBXNativeTarget "PourPour" */;
			buildPhases = (
				1F7E381C7EA99F9DDD91DDEB /* [CP] Check Pods Manifest.lock */,
				1512FD9B26E6186C00FF4E75 /* Run Script (R.Swift) */,
				1512FD6026E608E900FF4E75 /* Sources */,
				1512FD6126E608E900FF4E75 /* Frameworks */,
				1512FD6226E608E900FF4E75 /* Resources */,
				4284E4DF532A33A5E9B82D42 /* [CP] Embed Pods Frameworks */,
			);
			buildRules = (
			);
			dependencies = (
			);
			name = PourPour;
			productName = PourPour;
			productReference = 1512FD6426E608E900FF4E75 /* PourPour.app */;
			productType = "com.apple.product-type.application";
		};
		1512FD7926E608ED00FF4E75 /* PourPourTests */ = {
			isa = PBXNativeTarget;
			buildConfigurationList = 1512FD9126E608ED00FF4E75 /* Build configuration list for PBXNativeTarget "PourPourTests" */;
			buildPhases = (
				968926518C42DAC0F0790D91 /* [CP] Check Pods Manifest.lock */,
				1512FD7626E608ED00FF4E75 /* Sources */,
				1512FD7726E608ED00FF4E75 /* Frameworks */,
				1512FD7826E608ED00FF4E75 /* Resources */,
			);
			buildRules = (
			);
			dependencies = (
				1512FD7C26E608ED00FF4E75 /* PBXTargetDependency */,
			);
			name = PourPourTests;
			productName = PourPourTests;
			productReference = 1512FD7A26E608ED00FF4E75 /* PourPourTests.xctest */;
			productType = "com.apple.product-type.bundle.unit-test";
		};
		1512FD8426E608ED00FF4E75 /* PourPourUITests */ = {
			isa = PBXNativeTarget;
			buildConfigurationList = 1512FD9426E608ED00FF4E75 /* Build configuration list for PBXNativeTarget "PourPourUITests" */;
			buildPhases = (
				0399D35F99CF00F807BC0ACC /* [CP] Check Pods Manifest.lock */,
				1512FD8126E608ED00FF4E75 /* Sources */,
				1512FD8226E608ED00FF4E75 /* Frameworks */,
				1512FD8326E608ED00FF4E75 /* Resources */,
			);
			buildRules = (
			);
			dependencies = (
				1512FD8726E608ED00FF4E75 /* PBXTargetDependency */,
			);
			name = PourPourUITests;
			productName = PourPourUITests;
			productReference = 1512FD8526E608ED00FF4E75 /* PourPourUITests.xctest */;
			productType = "com.apple.product-type.bundle.ui-testing";
		};
/* End PBXNativeTarget section */

/* Begin PBXProject section */
		1512FD5C26E608E900FF4E75 /* Project object */ = {
			isa = PBXProject;
			attributes = {
				LastSwiftUpdateCheck = 1250;
				LastUpgradeCheck = 1250;
				TargetAttributes = {
					1512FD6326E608E900FF4E75 = {
						CreatedOnToolsVersion = 12.5.1;
					};
					1512FD7926E608ED00FF4E75 = {
						CreatedOnToolsVersion = 12.5.1;
						TestTargetID = 1512FD6326E608E900FF4E75;
					};
					1512FD8426E608ED00FF4E75 = {
						CreatedOnToolsVersion = 12.5.1;
						TestTargetID = 1512FD6326E608E900FF4E75;
					};
				};
			};
			buildConfigurationList = 1512FD5F26E608E900FF4E75 /* Build configuration list for PBXProject "PourPour" */;
			compatibilityVersion = "Xcode 9.3";
			developmentRegion = en;
			hasScannedForEncodings = 0;
			knownRegions = (
				en,
				Base,
			);
			mainGroup = 1512FD5B26E608E900FF4E75;
			productRefGroup = 1512FD6526E608E900FF4E75 /* Products */;
			projectDirPath = "";
			projectRoot = "";
			targets = (
				1512FD6326E608E900FF4E75 /* PourPour */,
				1512FD7926E608ED00FF4E75 /* PourPourTests */,
				1512FD8426E608ED00FF4E75 /* PourPourUITests */,
			);
		};
/* End PBXProject section */

/* Begin PBXResourcesBuildPhase section */
		1512FD6226E608E900FF4E75 /* Resources */ = {
			isa = PBXResourcesBuildPhase;
			buildActionMask = 2147483647;
			files = (
				15DAC62126E637E3003C88E2 /* RecipeList.storyboard in Resources */,
				1512FD7426E608EC00FF4E75 /* LaunchScreen.storyboard in Resources */,
				15FD0EFC270B47170059F4F2 /* Recipe.storyboard in Resources */,
				15E3D85C2715957C00ADFAD9 /* RecipeStep.xib in Resources */,
				1512FD7126E608EC00FF4E75 /* Assets.xcassets in Resources */,
				154AFE2A26E770EF006705FD /* Info.storyboard in Resources */,
				1512FD9A26E6177A00FF4E75 /* Podfile in Resources */,
				15E3D85927157F3B00ADFAD9 /* RunningRecipe.storyboard in Resources */,
			);
			runOnlyForDeploymentPostprocessing = 0;
		};
		1512FD7826E608ED00FF4E75 /* Resources */ = {
			isa = PBXResourcesBuildPhase;
			buildActionMask = 2147483647;
			files = (
			);
			runOnlyForDeploymentPostprocessing = 0;
		};
		1512FD8326E608ED00FF4E75 /* Resources */ = {
			isa = PBXResourcesBuildPhase;
			buildActionMask = 2147483647;
			files = (
			);
			runOnlyForDeploymentPostprocessing = 0;
		};
/* End PBXResourcesBuildPhase section */

/* Begin PBXShellScriptBuildPhase section */
		0399D35F99CF00F807BC0ACC /* [CP] Check Pods Manifest.lock */ = {
			isa = PBXShellScriptBuildPhase;
			buildActionMask = 2147483647;
			files = (
			);
			inputFileListPaths = (
			);
			inputPaths = (
				"${PODS_PODFILE_DIR_PATH}/Podfile.lock",
				"${PODS_ROOT}/Manifest.lock",
			);
			name = "[CP] Check Pods Manifest.lock";
			outputFileListPaths = (
			);
			outputPaths = (
				"$(DERIVED_FILE_DIR)/Pods-PourPourUITests-checkManifestLockResult.txt",
			);
			runOnlyForDeploymentPostprocessing = 0;
			shellPath = /bin/sh;
			shellScript = "diff \"${PODS_PODFILE_DIR_PATH}/Podfile.lock\" \"${PODS_ROOT}/Manifest.lock\" > /dev/null\nif [ $? != 0 ] ; then\n    # print error to STDERR\n    echo \"error: The sandbox is not in sync with the Podfile.lock. Run 'pod install' or update your CocoaPods installation.\" >&2\n    exit 1\nfi\n# This output is used by Xcode 'outputs' to avoid re-running this script phase.\necho \"SUCCESS\" > \"${SCRIPT_OUTPUT_FILE_0}\"\n";
			showEnvVarsInLog = 0;
		};
		1512FD9B26E6186C00FF4E75 /* Run Script (R.Swift) */ = {
			isa = PBXShellScriptBuildPhase;
			buildActionMask = 2147483647;
			files = (
			);
			inputFileListPaths = (
			);
			inputPaths = (
				"$TEMP_DIR/rswift-lastrun",
			);
			name = "Run Script (R.Swift)";
			outputFileListPaths = (
			);
			outputPaths = (
				$SRCROOT/R.generated.swift,
			);
			runOnlyForDeploymentPostprocessing = 0;
			shellPath = /bin/sh;
			shellScript = "\"$PODS_ROOT/R.swift/rswift\" generate \"$SRCROOT/R.generated.swift\"\n";
		};
		1F7E381C7EA99F9DDD91DDEB /* [CP] Check Pods Manifest.lock */ = {
			isa = PBXShellScriptBuildPhase;
			buildActionMask = 2147483647;
			files = (
			);
			inputFileListPaths = (
			);
			inputPaths = (
				"${PODS_PODFILE_DIR_PATH}/Podfile.lock",
				"${PODS_ROOT}/Manifest.lock",
			);
			name = "[CP] Check Pods Manifest.lock";
			outputFileListPaths = (
			);
			outputPaths = (
				"$(DERIVED_FILE_DIR)/Pods-PourPour-checkManifestLockResult.txt",
			);
			runOnlyForDeploymentPostprocessing = 0;
			shellPath = /bin/sh;
			shellScript = "diff \"${PODS_PODFILE_DIR_PATH}/Podfile.lock\" \"${PODS_ROOT}/Manifest.lock\" > /dev/null\nif [ $? != 0 ] ; then\n    # print error to STDERR\n    echo \"error: The sandbox is not in sync with the Podfile.lock. Run 'pod install' or update your CocoaPods installation.\" >&2\n    exit 1\nfi\n# This output is used by Xcode 'outputs' to avoid re-running this script phase.\necho \"SUCCESS\" > \"${SCRIPT_OUTPUT_FILE_0}\"\n";
			showEnvVarsInLog = 0;
		};
		4284E4DF532A33A5E9B82D42 /* [CP] Embed Pods Frameworks */ = {
			isa = PBXShellScriptBuildPhase;
			buildActionMask = 2147483647;
			files = (
			);
			inputFileListPaths = (
				"${PODS_ROOT}/Target Support Files/Pods-PourPour/Pods-PourPour-frameworks-${CONFIGURATION}-input-files.xcfilelist",
			);
			name = "[CP] Embed Pods Frameworks";
			outputFileListPaths = (
				"${PODS_ROOT}/Target Support Files/Pods-PourPour/Pods-PourPour-frameworks-${CONFIGURATION}-output-files.xcfilelist",
			);
			runOnlyForDeploymentPostprocessing = 0;
			shellPath = /bin/sh;
			shellScript = "\"${PODS_ROOT}/Target Support Files/Pods-PourPour/Pods-PourPour-frameworks.sh\"\n";
			showEnvVarsInLog = 0;
		};
		968926518C42DAC0F0790D91 /* [CP] Check Pods Manifest.lock */ = {
			isa = PBXShellScriptBuildPhase;
			buildActionMask = 2147483647;
			files = (
			);
			inputFileListPaths = (
			);
			inputPaths = (
				"${PODS_PODFILE_DIR_PATH}/Podfile.lock",
				"${PODS_ROOT}/Manifest.lock",
			);
			name = "[CP] Check Pods Manifest.lock";
			outputFileListPaths = (
			);
			outputPaths = (
				"$(DERIVED_FILE_DIR)/Pods-PourPourTests-checkManifestLockResult.txt",
			);
			runOnlyForDeploymentPostprocessing = 0;
			shellPath = /bin/sh;
			shellScript = "diff \"${PODS_PODFILE_DIR_PATH}/Podfile.lock\" \"${PODS_ROOT}/Manifest.lock\" > /dev/null\nif [ $? != 0 ] ; then\n    # print error to STDERR\n    echo \"error: The sandbox is not in sync with the Podfile.lock. Run 'pod install' or update your CocoaPods installation.\" >&2\n    exit 1\nfi\n# This output is used by Xcode 'outputs' to avoid re-running this script phase.\necho \"SUCCESS\" > \"${SCRIPT_OUTPUT_FILE_0}\"\n";
			showEnvVarsInLog = 0;
		};
/* End PBXShellScriptBuildPhase section */

/* Begin PBXSourcesBuildPhase section */
		1512FD6026E608E900FF4E75 /* Sources */ = {
			isa = PBXSourcesBuildPhase;
			buildActionMask = 2147483647;
			files = (
				15925A98270DB91000864154 /* RecipePropertyView.swift in Sources */,
				15E3D85727157F2C00ADFAD9 /* RunningRecipeConfigurator.swift in Sources */,
				15DAC62726E63C76003C88E2 /* RecipeListRouter.swift in Sources */,
				15D02814270C4BE900EC1F06 /* PourButton.swift in Sources */,
				1555C51C270F389300D4F91A /* RecipeStepCell.swift in Sources */,
				15DAC62526E63C6B003C88E2 /* RecipeListConfigurator.swift in Sources */,
				15E3D85E27159F3000ADFAD9 /* TimerView.swift in Sources */,
				15FD0EF6270B46D80059F4F2 /* RecipePresenter.swift in Sources */,
				15E3D84B2715721F00ADFAD9 /* RecipeGateway.swift in Sources */,
				15E3D85327157F0A00ADFAD9 /* RunningRecipePresenter.swift in Sources */,
				15F85F56272FFEAD0083042E /* RunningRecipeSubhead.swift in Sources */,
				15F85F54272FFE170083042E /* CommonTime.swift in Sources */,
				15DAC62D26E63ED2003C88E2 /* RecipeEntity.swift in Sources */,
				15F85F52272FF3720083042E /* ConditionalModifierSwiftUI.swift in Sources */,
				1524E3902721A59800B14AD7 /* StepList.swift in Sources */,
				1524E38827202ABD00B14AD7 /* RunningRecipeController.swift in Sources */,
				15FD0EF4270B46800059F4F2 /* RecipeController.swift in Sources */,
				15DAC62926E63D41003C88E2 /* RecipeListController.swift in Sources */,
				1524E38B2720568000B14AD7 /* ProgressTimerView.swift in Sources */,
				1524E37F271F16F300B14AD7 /* RunningRecipeScene.swift in Sources */,
				15FD0EF8270B46E70059F4F2 /* RecipeRouter.swift in Sources */,
				15F85F58273016870083042E /* ComplitedStepRow.swift in Sources */,
				154AFE2C26E77106006705FD /* InfoViewController.swift in Sources */,
				1555C51F270F3E8200D4F91A /* TimeFormater.swift in Sources */,
				15FD0EFA270B46FC0059F4F2 /* RecipeConfigurator.swift in Sources */,
				15E3D84E2715733900ADFAD9 /* ApiRecipeGateway.swift in Sources */,
				15DAC62326E63A92003C88E2 /* RecipeListPresenter.swift in Sources */,
				1512FD6826E608E900FF4E75 /* AppDelegate.swift in Sources */,
				1524E381271F192A00B14AD7 /* PoureButtonStyle.swift in Sources */,
				1512FD6A26E608E900FF4E75 /* SceneDelegate.swift in Sources */,
				1512FD9D26E6197800FF4E75 /* R.generated.swift in Sources */,
				1524E386272015FB00B14AD7 /* StepRow.swift in Sources */,
			);
			runOnlyForDeploymentPostprocessing = 0;
		};
		1512FD7626E608ED00FF4E75 /* Sources */ = {
			isa = PBXSourcesBuildPhase;
			buildActionMask = 2147483647;
			files = (
				15F85F5E273157980083042E /* RecipeFullEntityTests.swift in Sources */,
				1512FD7F26E608ED00FF4E75 /* PourPourTests.swift in Sources */,
				15F85F5A2731370F0083042E /* RunningRecipeTests.swift in Sources */,
			);
			runOnlyForDeploymentPostprocessing = 0;
		};
		1512FD8126E608ED00FF4E75 /* Sources */ = {
			isa = PBXSourcesBuildPhase;
			buildActionMask = 2147483647;
			files = (
				1512FD8A26E608ED00FF4E75 /* PourPourUITests.swift in Sources */,
			);
			runOnlyForDeploymentPostprocessing = 0;
		};
/* End PBXSourcesBuildPhase section */

/* Begin PBXTargetDependency section */
		1512FD7C26E608ED00FF4E75 /* PBXTargetDependency */ = {
			isa = PBXTargetDependency;
			target = 1512FD6326E608E900FF4E75 /* PourPour */;
			targetProxy = 1512FD7B26E608ED00FF4E75 /* PBXContainerItemProxy */;
		};
		1512FD8726E608ED00FF4E75 /* PBXTargetDependency */ = {
			isa = PBXTargetDependency;
			target = 1512FD6326E608E900FF4E75 /* PourPour */;
			targetProxy = 1512FD8626E608ED00FF4E75 /* PBXContainerItemProxy */;
		};
/* End PBXTargetDependency section */

/* Begin PBXVariantGroup section */
		1512FD7226E608EC00FF4E75 /* LaunchScreen.storyboard */ = {
			isa = PBXVariantGroup;
			children = (
				1512FD7326E608EC00FF4E75 /* Base */,
			);
			name = LaunchScreen.storyboard;
			sourceTree = "<group>";
		};
/* End PBXVariantGroup section */

/* Begin XCBuildConfiguration section */
		1512FD8C26E608ED00FF4E75 /* Debug */ = {
			isa = XCBuildConfiguration;
			buildSettings = {
				ALWAYS_SEARCH_USER_PATHS = NO;
				CLANG_ANALYZER_NONNULL = YES;
				CLANG_ANALYZER_NUMBER_OBJECT_CONVERSION = YES_AGGRESSIVE;
				CLANG_CXX_LANGUAGE_STANDARD = "gnu++14";
				CLANG_CXX_LIBRARY = "libc++";
				CLANG_ENABLE_MODULES = YES;
				CLANG_ENABLE_OBJC_ARC = YES;
				CLANG_ENABLE_OBJC_WEAK = YES;
				CLANG_WARN_BLOCK_CAPTURE_AUTORELEASING = YES;
				CLANG_WARN_BOOL_CONVERSION = YES;
				CLANG_WARN_COMMA = YES;
				CLANG_WARN_CONSTANT_CONVERSION = YES;
				CLANG_WARN_DEPRECATED_OBJC_IMPLEMENTATIONS = YES;
				CLANG_WARN_DIRECT_OBJC_ISA_USAGE = YES_ERROR;
				CLANG_WARN_DOCUMENTATION_COMMENTS = YES;
				CLANG_WARN_EMPTY_BODY = YES;
				CLANG_WARN_ENUM_CONVERSION = YES;
				CLANG_WARN_INFINITE_RECURSION = YES;
				CLANG_WARN_INT_CONVERSION = YES;
				CLANG_WARN_NON_LITERAL_NULL_CONVERSION = YES;
				CLANG_WARN_OBJC_IMPLICIT_RETAIN_SELF = YES;
				CLANG_WARN_OBJC_LITERAL_CONVERSION = YES;
				CLANG_WARN_OBJC_ROOT_CLASS = YES_ERROR;
				CLANG_WARN_QUOTED_INCLUDE_IN_FRAMEWORK_HEADER = YES;
				CLANG_WARN_RANGE_LOOP_ANALYSIS = YES;
				CLANG_WARN_STRICT_PROTOTYPES = YES;
				CLANG_WARN_SUSPICIOUS_MOVE = YES;
				CLANG_WARN_UNGUARDED_AVAILABILITY = YES_AGGRESSIVE;
				CLANG_WARN_UNREACHABLE_CODE = YES;
				CLANG_WARN__DUPLICATE_METHOD_MATCH = YES;
				COPY_PHASE_STRIP = NO;
				DEBUG_INFORMATION_FORMAT = dwarf;
				ENABLE_BITCODE = NO;
				ENABLE_STRICT_OBJC_MSGSEND = YES;
				ENABLE_TESTABILITY = YES;
				GCC_C_LANGUAGE_STANDARD = gnu11;
				GCC_DYNAMIC_NO_PIC = NO;
				GCC_NO_COMMON_BLOCKS = YES;
				GCC_OPTIMIZATION_LEVEL = 0;
				GCC_PREPROCESSOR_DEFINITIONS = (
					"DEBUG=1",
					"$(inherited)",
				);
				GCC_WARN_64_TO_32_BIT_CONVERSION = YES;
				GCC_WARN_ABOUT_RETURN_TYPE = YES_ERROR;
				GCC_WARN_UNDECLARED_SELECTOR = YES;
				GCC_WARN_UNINITIALIZED_AUTOS = YES_AGGRESSIVE;
				GCC_WARN_UNUSED_FUNCTION = YES;
				GCC_WARN_UNUSED_VARIABLE = YES;
				IPHONEOS_DEPLOYMENT_TARGET = 13.0;
				MTL_ENABLE_DEBUG_INFO = INCLUDE_SOURCE;
				MTL_FAST_MATH = YES;
				ONLY_ACTIVE_ARCH = YES;
				SDKROOT = iphoneos;
				SWIFT_ACTIVE_COMPILATION_CONDITIONS = DEBUG;
				SWIFT_OPTIMIZATION_LEVEL = "-Onone";
			};
			name = Debug;
		};
		1512FD8D26E608ED00FF4E75 /* Release */ = {
			isa = XCBuildConfiguration;
			buildSettings = {
				ALWAYS_SEARCH_USER_PATHS = NO;
				CLANG_ANALYZER_NONNULL = YES;
				CLANG_ANALYZER_NUMBER_OBJECT_CONVERSION = YES_AGGRESSIVE;
				CLANG_CXX_LANGUAGE_STANDARD = "gnu++14";
				CLANG_CXX_LIBRARY = "libc++";
				CLANG_ENABLE_MODULES = YES;
				CLANG_ENABLE_OBJC_ARC = YES;
				CLANG_ENABLE_OBJC_WEAK = YES;
				CLANG_WARN_BLOCK_CAPTURE_AUTORELEASING = YES;
				CLANG_WARN_BOOL_CONVERSION = YES;
				CLANG_WARN_COMMA = YES;
				CLANG_WARN_CONSTANT_CONVERSION = YES;
				CLANG_WARN_DEPRECATED_OBJC_IMPLEMENTATIONS = YES;
				CLANG_WARN_DIRECT_OBJC_ISA_USAGE = YES_ERROR;
				CLANG_WARN_DOCUMENTATION_COMMENTS = YES;
				CLANG_WARN_EMPTY_BODY = YES;
				CLANG_WARN_ENUM_CONVERSION = YES;
				CLANG_WARN_INFINITE_RECURSION = YES;
				CLANG_WARN_INT_CONVERSION = YES;
				CLANG_WARN_NON_LITERAL_NULL_CONVERSION = YES;
				CLANG_WARN_OBJC_IMPLICIT_RETAIN_SELF = YES;
				CLANG_WARN_OBJC_LITERAL_CONVERSION = YES;
				CLANG_WARN_OBJC_ROOT_CLASS = YES_ERROR;
				CLANG_WARN_QUOTED_INCLUDE_IN_FRAMEWORK_HEADER = YES;
				CLANG_WARN_RANGE_LOOP_ANALYSIS = YES;
				CLANG_WARN_STRICT_PROTOTYPES = YES;
				CLANG_WARN_SUSPICIOUS_MOVE = YES;
				CLANG_WARN_UNGUARDED_AVAILABILITY = YES_AGGRESSIVE;
				CLANG_WARN_UNREACHABLE_CODE = YES;
				CLANG_WARN__DUPLICATE_METHOD_MATCH = YES;
				COPY_PHASE_STRIP = NO;
				DEBUG_INFORMATION_FORMAT = "dwarf-with-dsym";
				ENABLE_BITCODE = NO;
				ENABLE_NS_ASSERTIONS = NO;
				ENABLE_STRICT_OBJC_MSGSEND = YES;
				GCC_C_LANGUAGE_STANDARD = gnu11;
				GCC_NO_COMMON_BLOCKS = YES;
				GCC_WARN_64_TO_32_BIT_CONVERSION = YES;
				GCC_WARN_ABOUT_RETURN_TYPE = YES_ERROR;
				GCC_WARN_UNDECLARED_SELECTOR = YES;
				GCC_WARN_UNINITIALIZED_AUTOS = YES_AGGRESSIVE;
				GCC_WARN_UNUSED_FUNCTION = YES;
				GCC_WARN_UNUSED_VARIABLE = YES;
				IPHONEOS_DEPLOYMENT_TARGET = 13.0;
				MTL_ENABLE_DEBUG_INFO = NO;
				MTL_FAST_MATH = YES;
				SDKROOT = iphoneos;
				SWIFT_COMPILATION_MODE = wholemodule;
				SWIFT_OPTIMIZATION_LEVEL = "-O";
				VALIDATE_PRODUCT = YES;
			};
			name = Release;
		};
		1512FD8F26E608ED00FF4E75 /* Debug */ = {
			isa = XCBuildConfiguration;
			baseConfigurationReference = D932CADF82D328C3A10C3A66 /* Pods-PourPour.debug.xcconfig */;
			buildSettings = {
				ASSETCATALOG_COMPILER_APPICON_NAME = AppIcon;
				ASSETCATALOG_COMPILER_GLOBAL_ACCENT_COLOR_NAME = AccentColor;
				CODE_SIGN_STYLE = Automatic;
				DEVELOPMENT_TEAM = X32NRAU4Z4;
				INFOPLIST_FILE = PourPour/SupportingFiles/Info.plist;
				LD_RUNPATH_SEARCH_PATHS = (
					"$(inherited)",
					"@executable_path/Frameworks",
				);
				PRODUCT_BUNDLE_IDENTIFIER = com.alexsolov.PourPour;
				PRODUCT_NAME = "$(TARGET_NAME)";
				SWIFT_VERSION = 5.0;
				TARGETED_DEVICE_FAMILY = "1,2";
			};
			name = Debug;
		};
		1512FD9026E608ED00FF4E75 /* Release */ = {
			isa = XCBuildConfiguration;
			baseConfigurationReference = EDDFE5169A5CBFAFE49BE184 /* Pods-PourPour.release.xcconfig */;
			buildSettings = {
				ASSETCATALOG_COMPILER_APPICON_NAME = AppIcon;
				ASSETCATALOG_COMPILER_GLOBAL_ACCENT_COLOR_NAME = AccentColor;
				CODE_SIGN_STYLE = Automatic;
				DEVELOPMENT_TEAM = X32NRAU4Z4;
				INFOPLIST_FILE = PourPour/SupportingFiles/Info.plist;
				LD_RUNPATH_SEARCH_PATHS = (
					"$(inherited)",
					"@executable_path/Frameworks",
				);
				PRODUCT_BUNDLE_IDENTIFIER = com.alexsolov.PourPour;
				PRODUCT_NAME = "$(TARGET_NAME)";
				SWIFT_VERSION = 5.0;
				TARGETED_DEVICE_FAMILY = "1,2";
			};
			name = Release;
		};
		1512FD9226E608ED00FF4E75 /* Debug */ = {
			isa = XCBuildConfiguration;
			baseConfigurationReference = FABE39D5C097D6C51FEA5FB0 /* Pods-PourPourTests.debug.xcconfig */;
			buildSettings = {
				ALWAYS_EMBED_SWIFT_STANDARD_LIBRARIES = YES;
				BUNDLE_LOADER = "$(TEST_HOST)";
				CODE_SIGN_STYLE = Automatic;
				DEVELOPMENT_TEAM = X32NRAU4Z4;
				INFOPLIST_FILE = PourPourTests/Info.plist;
				IPHONEOS_DEPLOYMENT_TARGET = 14.5;
				LD_RUNPATH_SEARCH_PATHS = (
					"$(inherited)",
					"@executable_path/Frameworks",
					"@loader_path/Frameworks",
				);
				PRODUCT_BUNDLE_IDENTIFIER = com.alexsolov.PourPourTests;
				PRODUCT_NAME = "$(TARGET_NAME)";
				SWIFT_VERSION = 5.0;
				TARGETED_DEVICE_FAMILY = "1,2";
				TEST_HOST = "$(BUILT_PRODUCTS_DIR)/PourPour.app/PourPour";
			};
			name = Debug;
		};
		1512FD9326E608ED00FF4E75 /* Release */ = {
			isa = XCBuildConfiguration;
			baseConfigurationReference = 49D401B9352C8339400E9441 /* Pods-PourPourTests.release.xcconfig */;
			buildSettings = {
				ALWAYS_EMBED_SWIFT_STANDARD_LIBRARIES = YES;
				BUNDLE_LOADER = "$(TEST_HOST)";
				CODE_SIGN_STYLE = Automatic;
				DEVELOPMENT_TEAM = X32NRAU4Z4;
				INFOPLIST_FILE = PourPourTests/Info.plist;
				IPHONEOS_DEPLOYMENT_TARGET = 14.5;
				LD_RUNPATH_SEARCH_PATHS = (
					"$(inherited)",
					"@executable_path/Frameworks",
					"@loader_path/Frameworks",
				);
				PRODUCT_BUNDLE_IDENTIFIER = com.alexsolov.PourPourTests;
				PRODUCT_NAME = "$(TARGET_NAME)";
				SWIFT_VERSION = 5.0;
				TARGETED_DEVICE_FAMILY = "1,2";
				TEST_HOST = "$(BUILT_PRODUCTS_DIR)/PourPour.app/PourPour";
			};
			name = Release;
		};
		1512FD9526E608ED00FF4E75 /* Debug */ = {
			isa = XCBuildConfiguration;
			baseConfigurationReference = EFDE7E5BB0795B496DD8FE67 /* Pods-PourPourUITests.debug.xcconfig */;
			buildSettings = {
				ALWAYS_EMBED_SWIFT_STANDARD_LIBRARIES = YES;
				CODE_SIGN_STYLE = Automatic;
				DEVELOPMENT_TEAM = X32NRAU4Z4;
				INFOPLIST_FILE = PourPourUITests/Info.plist;
				LD_RUNPATH_SEARCH_PATHS = (
					"$(inherited)",
					"@executable_path/Frameworks",
					"@loader_path/Frameworks",
				);
				PRODUCT_BUNDLE_IDENTIFIER = com.alexsolov.PourPourUITests;
				PRODUCT_NAME = "$(TARGET_NAME)";
				SWIFT_VERSION = 5.0;
				TARGETED_DEVICE_FAMILY = "1,2";
				TEST_TARGET_NAME = PourPour;
			};
			name = Debug;
		};
		1512FD9626E608ED00FF4E75 /* Release */ = {
			isa = XCBuildConfiguration;
			baseConfigurationReference = 7404ED210E8D7DC4741F1D48 /* Pods-PourPourUITests.release.xcconfig */;
			buildSettings = {
				ALWAYS_EMBED_SWIFT_STANDARD_LIBRARIES = YES;
				CODE_SIGN_STYLE = Automatic;
				DEVELOPMENT_TEAM = X32NRAU4Z4;
				INFOPLIST_FILE = PourPourUITests/Info.plist;
				LD_RUNPATH_SEARCH_PATHS = (
					"$(inherited)",
					"@executable_path/Frameworks",
					"@loader_path/Frameworks",
				);
				PRODUCT_BUNDLE_IDENTIFIER = com.alexsolov.PourPourUITests;
				PRODUCT_NAME = "$(TARGET_NAME)";
				SWIFT_VERSION = 5.0;
				TARGETED_DEVICE_FAMILY = "1,2";
				TEST_TARGET_NAME = PourPour;
			};
			name = Release;
		};
/* End XCBuildConfiguration section */

/* Begin XCConfigurationList section */
		1512FD5F26E608E900FF4E75 /* Build configuration list for PBXProject "PourPour" */ = {
			isa = XCConfigurationList;
			buildConfigurations = (
				1512FD8C26E608ED00FF4E75 /* Debug */,
				1512FD8D26E608ED00FF4E75 /* Release */,
			);
			defaultConfigurationIsVisible = 0;
			defaultConfigurationName = Release;
		};
		1512FD8E26E608ED00FF4E75 /* Build configuration list for PBXNativeTarget "PourPour" */ = {
			isa = XCConfigurationList;
			buildConfigurations = (
				1512FD8F26E608ED00FF4E75 /* Debug */,
				1512FD9026E608ED00FF4E75 /* Release */,
			);
			defaultConfigurationIsVisible = 0;
			defaultConfigurationName = Release;
		};
		1512FD9126E608ED00FF4E75 /* Build configuration list for PBXNativeTarget "PourPourTests" */ = {
			isa = XCConfigurationList;
			buildConfigurations = (
				1512FD9226E608ED00FF4E75 /* Debug */,
				1512FD9326E608ED00FF4E75 /* Release */,
			);
			defaultConfigurationIsVisible = 0;
			defaultConfigurationName = Release;
		};
		1512FD9426E608ED00FF4E75 /* Build configuration list for PBXNativeTarget "PourPourUITests" */ = {
			isa = XCConfigurationList;
			buildConfigurations = (
				1512FD9526E608ED00FF4E75 /* Debug */,
				1512FD9626E608ED00FF4E75 /* Release */,
			);
			defaultConfigurationIsVisible = 0;
			defaultConfigurationName = Release;
		};
/* End XCConfigurationList section */
	};
	rootObject = 1512FD5C26E608E900FF4E75 /* Project object */;
}
